Microsoft Visual Studio Solution File, Format Version 12.00
# Visual Studio Version 17
VisualStudioVersion = 17.13.35913.81
MinimumVisualStudioVersion = 10.0.40219.1
Project("{FAE04EC0-301F-11D3-BF4B-00C04F79EFBC}") = "Star Wars API Interface Restful", "Star Wars API Interface Restful\Star Wars API Interface Restful.csproj", "{7D1D8EC1-A4AC-418E-AE1C-ECCE2018BADB}"
EndProject
Global
	GlobalSection(SolutionConfigurationPlatforms) = preSolution
		Debug|Any CPU = Debug|Any CPU
		Release|Any CPU = Release|Any CPU
	EndGlobalSection
	GlobalSection(ProjectConfigurationPlatforms) = postSolution
		{7D1D8EC1-A4AC-418E-AE1C-ECCE2018BADB}.Debug|Any CPU.ActiveCfg = Debug|Any CPU
		{7D1D8EC1-A4AC-418E-AE1C-ECCE2018BADB}.Debug|Any CPU.Build.0 = Debug|Any CPU
		{7D1D8EC1-A4AC-418E-AE1C-ECCE2018BADB}.Release|Any CPU.ActiveCfg = Release|Any CPU
		{7D1D8EC1-A4AC-418E-AE1C-ECCE2018BADB}.Release|Any CPU.Build.0 = Release|Any CPU
	EndGlobalSection
	GlobalSection(SolutionProperties) = preSolution
		HideSolutionNode = FALSE
	EndGlobalSection
	GlobalSection(ExtensibilityGlobals) = postSolution
		SolutionGuid = {E659ED05-DF42-4D18-9AFC-5673031B073C}
	EndGlobalSection
EndGlobal
